
Microsoft Visual Studio Solution File, Format Version 12.00
# Visual Studio 2015
Project("{FAE04EC0-301F-11D3-BF4B-00C04F79EFBC}") = "2D_unitychan_var.3.CSharp", "2D_unitychan_var.3.CSharp.csproj", "{1D8F53C7-A5A1-F3C4-A180-841EB328093A}"
EndProject
Global
	GlobalSection(SolutionConfigurationPlatforms) = preSolution
		Debug|Any CPU = Debug|Any CPU
		Release|Any CPU = Release|Any CPU
	EndGlobalSection
	GlobalSection(ProjectConfigurationPlatforms) = postSolution
		{1D8F53C7-A5A1-F3C4-A180-841EB328093A}.Debug|Any CPU.ActiveCfg = Debug|Any CPU
		{1D8F53C7-A5A1-F3C4-A180-841EB328093A}.Debug|Any CPU.Build.0 = Debug|Any CPU
		{1D8F53C7-A5A1-F3C4-A180-841EB328093A}.Release|Any CPU.ActiveCfg = Release|Any CPU
		{1D8F53C7-A5A1-F3C4-A180-841EB328093A}.Release|Any CPU.Build.0 = Release|Any CPU
	EndGlobalSection
	GlobalSection(SolutionProperties) = preSolution
		HideSolutionNode = FALSE
	EndGlobalSection
EndGlobal
